{
  "requires": true,
  "lockfileVersion": 1,
  "dependencies": {
    "@types/faker": {
      "version": "5.1.3",
      "resolved": "https://registry.npmjs.org/@types/faker/-/faker-5.1.3.tgz",
      "integrity": "sha512-7YTyCRoujZWYaCpDLslQJ8QzaFWFLZZ3mZ7Vfr/jJHascRmSd05pYteyt2FK4btF2vXyGq0obuoyLpcF99OvaA==",
      "dev": true
    },
    "@types/node": {
      "version": "14.14.6",
      "resolved": "https://registry.npmjs.org/@types/node/-/node-14.14.6.tgz",
      "integrity": "sha512-6QlRuqsQ/Ox/aJEQWBEJG7A9+u7oSYl3mem/K8IzxXG/kAGbV1YPD9Bg9Zw3vyxC/YP+zONKwy8hGkSt1jxFMw==",
      "dev": true
    },
    "Faker": {
      "version": "0.7.2",
      "resolved": "https://registry.npmjs.org/Faker/-/Faker-0.7.2.tgz",
      "integrity": "sha1-wkdLx3ux14AYtod9MHvX/fCC+xQ="
    },
    "typescript": {
      "version": "4.0.5",
      "resolved": "https://registry.npmjs.org/typescript/-/typescript-4.0.5.tgz",
      "integrity": "sha512-ywmr/VrTVCmNTJ6iV2LwIrfG1P+lv6luD8sUJs+2eI9NLGigaN+nUQc13iHqisq7bra9lnmUSYqbJvegraBOPQ==",
      "dev": true
    }
  }
}
